// !$*UTF8*$!
{
	archiveVersion = 1;
	classes = {
	};
	objectVersion = 56;
	objects = {

/* Begin PBXBuildFile section */
		621557D42A0E925B00407D4B /* Load.swift in Sources */ = {isa = PBXBuildFile; fileRef = 621557D32A0E925B00407D4B /* Load.swift */; };
		621A674B2A17C51500A2F7CB /* PokemonAPI in Frameworks */ = {isa = PBXBuildFile; productRef = 621A674A2A17C51500A2F7CB /* PokemonAPI */; };
		621E4E0E2A2788010014417E /* Poke.swift in Sources */ = {isa = PBXBuildFile; fileRef = 621E4E0D2A2788010014417E /* Poke.swift */; };
		622985952A0978B5006D701E /* AlamofireImage in Frameworks */ = {isa = PBXBuildFile; productRef = 622985942A0978B5006D701E /* AlamofireImage */; };
		6230447B2A13CE9F005C0A60 /* String+Abreviation.swift in Sources */ = {isa = PBXBuildFile; fileRef = 6230447A2A13CE9F005C0A60 /* String+Abreviation.swift */; };
		6230447F2A13D4BE005C0A60 /* TypeLabel.swift in Sources */ = {isa = PBXBuildFile; fileRef = 6230447E2A13D4BE005C0A60 /* TypeLabel.swift */; };
		6231303B2A0ADE5A00419D1B /* PokedexView.swift in Sources */ = {isa = PBXBuildFile; fileRef = 6231303A2A0ADE5A00419D1B /* PokedexView.swift */; };
		623BE3402A1BA8E000C69229 /* FavoritsPokemons.swift in Sources */ = {isa = PBXBuildFile; fileRef = 623BE33F2A1BA8E000C69229 /* FavoritsPokemons.swift */; };
		6245896C2A0FE2A50079CF7E /* StatusView.swift in Sources */ = {isa = PBXBuildFile; fileRef = 6245896B2A0FE2A50079CF7E /* StatusView.swift */; };
		6251B6432A0BE41B00F4EA07 /* PaddingLabel.swift in Sources */ = {isa = PBXBuildFile; fileRef = 6251B6422A0BE41B00F4EA07 /* PaddingLabel.swift */; };
		625C2EFD2A06A20E00DCEE60 /* PokemonCollectionViewCell.swift in Sources */ = {isa = PBXBuildFile; fileRef = 625C2EFC2A06A20E00DCEE60 /* PokemonCollectionViewCell.swift */; };
		625C2F032A06A7A400DCEE60 /* ViewCode.swift in Sources */ = {isa = PBXBuildFile; fileRef = 625C2F022A06A7A400DCEE60 /* ViewCode.swift */; };
		625C2F052A06AE7000DCEE60 /* UIView+AutoLayout.swift in Sources */ = {isa = PBXBuildFile; fileRef = 625C2F042A06AE7000DCEE60 /* UIView+AutoLayout.swift */; };
		628B6D452A0A82610081A5E4 /* InfoViewController.swift in Sources */ = {isa = PBXBuildFile; fileRef = 628B6D442A0A82610081A5E4 /* InfoViewController.swift */; };
		62A49C842A10408C00CB8D83 /* UIView+Spacer.swift in Sources */ = {isa = PBXBuildFile; fileRef = 62A49C832A10408C00CB8D83 /* UIView+Spacer.swift */; };
		62B92B792A07FCCF0089B8AD /* UIColor+PokeColors.swift in Sources */ = {isa = PBXBuildFile; fileRef = 62B92B782A07FCCF0089B8AD /* UIColor+PokeColors.swift */; };
		62B92B7B2A07FDC40089B8AD /* UIColor+HexColor.swift in Sources */ = {isa = PBXBuildFile; fileRef = 62B92B7A2A07FDC40089B8AD /* UIColor+HexColor.swift */; };
		62B92B7D2A0824580089B8AD /* PokeAPI.swift in Sources */ = {isa = PBXBuildFile; fileRef = 62B92B7C2A0824580089B8AD /* PokeAPI.swift */; };
		62B92B7F2A082F110089B8AD /* PokeAPIModel.swift in Sources */ = {isa = PBXBuildFile; fileRef = 62B92B7E2A082F110089B8AD /* PokeAPIModel.swift */; };
		62CA9FF12A27C00000F391BF /* RealmSwift in Frameworks */ = {isa = PBXBuildFile; productRef = 62CA9FF02A27C00000F391BF /* RealmSwift */; };
		62CD269B2A0596010004428F /* AppDelegate.swift in Sources */ = {isa = PBXBuildFile; fileRef = 62CD269A2A0596010004428F /* AppDelegate.swift */; };
		62CD269D2A0596010004428F /* SceneDelegate.swift in Sources */ = {isa = PBXBuildFile; fileRef = 62CD269C2A0596010004428F /* SceneDelegate.swift */; };
		62CD269F2A0596010004428F /* PokedexViewController.swift in Sources */ = {isa = PBXBuildFile; fileRef = 62CD269E2A0596010004428F /* PokedexViewController.swift */; };
		62CD26A42A0596030004428F /* Assets.xcassets in Resources */ = {isa = PBXBuildFile; fileRef = 62CD26A32A0596030004428F /* Assets.xcassets */; };
		62CD26A72A0596030004428F /* LaunchScreen.storyboard in Resources */ = {isa = PBXBuildFile; fileRef = 62CD26A52A0596030004428F /* LaunchScreen.storyboard */; };
		62F30A192A0D34A100C2015C /* Poppins-Regular.ttf in Resources */ = {isa = PBXBuildFile; fileRef = 62F30A062A0D34A100C2015C /* Poppins-Regular.ttf */; };
		62F30A1B2A0D34A100C2015C /* Poppins-Bold.ttf in Resources */ = {isa = PBXBuildFile; fileRef = 62F30A082A0D34A100C2015C /* Poppins-Bold.ttf */; };
		62F30A222A0D37F300C2015C /* UIFont+Poppins.swift in Sources */ = {isa = PBXBuildFile; fileRef = 62F30A212A0D37F300C2015C /* UIFont+Poppins.swift */; };
/* End PBXBuildFile section */

/* Begin PBXFileReference section */
		621557D32A0E925B00407D4B /* Load.swift */ = {isa = PBXFileReference; lastKnownFileType = sourcecode.swift; path = Load.swift; sourceTree = "<group>"; };
		621E4E0D2A2788010014417E /* Poke.swift */ = {isa = PBXFileReference; lastKnownFileType = sourcecode.swift; path = Poke.swift; sourceTree = "<group>"; };
		6230447A2A13CE9F005C0A60 /* String+Abreviation.swift */ = {isa = PBXFileReference; lastKnownFileType = sourcecode.swift; path = "String+Abreviation.swift"; sourceTree = "<group>"; };
		6230447E2A13D4BE005C0A60 /* TypeLabel.swift */ = {isa = PBXFileReference; lastKnownFileType = sourcecode.swift; path = TypeLabel.swift; sourceTree = "<group>"; };
		6231303A2A0ADE5A00419D1B /* PokedexView.swift */ = {isa = PBXFileReference; lastKnownFileType = sourcecode.swift; path = PokedexView.swift; sourceTree = "<group>"; };
		623BE33F2A1BA8E000C69229 /* FavoritsPokemons.swift */ = {isa = PBXFileReference; lastKnownFileType = sourcecode.swift; path = FavoritsPokemons.swift; sourceTree = "<group>"; };
		6245896B2A0FE2A50079CF7E /* StatusView.swift */ = {isa = PBXFileReference; lastKnownFileType = sourcecode.swift; path = StatusView.swift; sourceTree = "<group>"; };
		6251B6422A0BE41B00F4EA07 /* PaddingLabel.swift */ = {isa = PBXFileReference; lastKnownFileType = sourcecode.swift; path = PaddingLabel.swift; sourceTree = "<group>"; };
		625C2EFC2A06A20E00DCEE60 /* PokemonCollectionViewCell.swift */ = {isa = PBXFileReference; lastKnownFileType = sourcecode.swift; path = PokemonCollectionViewCell.swift; sourceTree = "<group>"; };
		625C2F022A06A7A400DCEE60 /* ViewCode.swift */ = {isa = PBXFileReference; lastKnownFileType = sourcecode.swift; path = ViewCode.swift; sourceTree = "<group>"; };
		625C2F042A06AE7000DCEE60 /* UIView+AutoLayout.swift */ = {isa = PBXFileReference; fileEncoding = 4; lastKnownFileType = sourcecode.swift; path = "UIView+AutoLayout.swift"; sourceTree = "<group>"; };
		628B6D442A0A82610081A5E4 /* InfoViewController.swift */ = {isa = PBXFileReference; lastKnownFileType = sourcecode.swift; path = InfoViewController.swift; sourceTree = "<group>"; };
		62A49C832A10408C00CB8D83 /* UIView+Spacer.swift */ = {isa = PBXFileReference; lastKnownFileType = sourcecode.swift; path = "UIView+Spacer.swift"; sourceTree = "<group>"; };
		62B92B782A07FCCF0089B8AD /* UIColor+PokeColors.swift */ = {isa = PBXFileReference; lastKnownFileType = sourcecode.swift; path = "UIColor+PokeColors.swift"; sourceTree = "<group>"; };
		62B92B7A2A07FDC40089B8AD /* UIColor+HexColor.swift */ = {isa = PBXFileReference; lastKnownFileType = sourcecode.swift; path = "UIColor+HexColor.swift"; sourceTree = "<group>"; };
		62B92B7C2A0824580089B8AD /* PokeAPI.swift */ = {isa = PBXFileReference; lastKnownFileType = sourcecode.swift; path = PokeAPI.swift; sourceTree = "<group>"; };
		62B92B7E2A082F110089B8AD /* PokeAPIModel.swift */ = {isa = PBXFileReference; lastKnownFileType = sourcecode.swift; path = PokeAPIModel.swift; sourceTree = "<group>"; };
		62CD26972A0596010004428F /* PokeDex.app */ = {isa = PBXFileReference; explicitFileType = wrapper.application; includeInIndex = 0; path = PokeDex.app; sourceTree = BUILT_PRODUCTS_DIR; };
		62CD269A2A0596010004428F /* AppDelegate.swift */ = {isa = PBXFileReference; lastKnownFileType = sourcecode.swift; path = AppDelegate.swift; sourceTree = "<group>"; };
		62CD269C2A0596010004428F /* SceneDelegate.swift */ = {isa = PBXFileReference; lastKnownFileType = sourcecode.swift; path = SceneDelegate.swift; sourceTree = "<group>"; };
		62CD269E2A0596010004428F /* PokedexViewController.swift */ = {isa = PBXFileReference; lastKnownFileType = sourcecode.swift; path = PokedexViewController.swift; sourceTree = "<group>"; };
		62CD26A32A0596030004428F /* Assets.xcassets */ = {isa = PBXFileReference; lastKnownFileType = folder.assetcatalog; path = Assets.xcassets; sourceTree = "<group>"; };
		62CD26A62A0596030004428F /* Base */ = {isa = PBXFileReference; lastKnownFileType = file.storyboard; name = Base; path = Base.lproj/LaunchScreen.storyboard; sourceTree = "<group>"; };
		62CD26A82A0596030004428F /* Info.plist */ = {isa = PBXFileReference; lastKnownFileType = text.plist.xml; path = Info.plist; sourceTree = "<group>"; };
		62F30A062A0D34A100C2015C /* Poppins-Regular.ttf */ = {isa = PBXFileReference; lastKnownFileType = file; path = "Poppins-Regular.ttf"; sourceTree = "<group>"; };
		62F30A082A0D34A100C2015C /* Poppins-Bold.ttf */ = {isa = PBXFileReference; lastKnownFileType = file; path = "Poppins-Bold.ttf"; sourceTree = "<group>"; };
		62F30A212A0D37F300C2015C /* UIFont+Poppins.swift */ = {isa = PBXFileReference; lastKnownFileType = sourcecode.swift; path = "UIFont+Poppins.swift"; sourceTree = "<group>"; };
/* End PBXFileReference section */

/* Begin PBXFrameworksBuildPhase section */
		62CD26942A0596010004428F /* Frameworks */ = {
			isa = PBXFrameworksBuildPhase;
			buildActionMask = 2147483647;
			files = (
				62CA9FF12A27C00000F391BF /* RealmSwift in Frameworks */,
				622985952A0978B5006D701E /* AlamofireImage in Frameworks */,
				621A674B2A17C51500A2F7CB /* PokemonAPI in Frameworks */,
			);
			runOnlyForDeploymentPostprocessing = 0;
		};
/* End PBXFrameworksBuildPhase section */

/* Begin PBXGroup section */
		625C2EFE2A06A5CF00DCEE60 /* Utils */ = {
			isa = PBXGroup;
			children = (
				621557D32A0E925B00407D4B /* Load.swift */,
				6251B6422A0BE41B00F4EA07 /* PaddingLabel.swift */,
				62B92B772A07FC3E0089B8AD /* Extensions */,
				625C2F022A06A7A400DCEE60 /* ViewCode.swift */,
			);
			path = Utils;
			sourceTree = "<group>";
		};
		625C2EFF2A06A5F400DCEE60 /* Models */ = {
			isa = PBXGroup;
			children = (
				62B92B7C2A0824580089B8AD /* PokeAPI.swift */,
				62B92B7E2A082F110089B8AD /* PokeAPIModel.swift */,
			);
			path = Models;
			sourceTree = "<group>";
		};
		625C2F002A06A61F00DCEE60 /* Controllers */ = {
			isa = PBXGroup;
			children = (
				62CD269E2A0596010004428F /* PokedexViewController.swift */,
				628B6D442A0A82610081A5E4 /* InfoViewController.swift */,
				623BE33F2A1BA8E000C69229 /* FavoritsPokemons.swift */,
				621E4E0D2A2788010014417E /* Poke.swift */,
				625C2EFE2A06A5CF00DCEE60 /* Utils */,
			);
			path = Controllers;
			sourceTree = "<group>";
		};
		625C2F012A06A62A00DCEE60 /* Views */ = {
			isa = PBXGroup;
			children = (
				625C2EFC2A06A20E00DCEE60 /* PokemonCollectionViewCell.swift */,
				6231303A2A0ADE5A00419D1B /* PokedexView.swift */,
				6245896B2A0FE2A50079CF7E /* StatusView.swift */,
				6230447E2A13D4BE005C0A60 /* TypeLabel.swift */,
			);
			path = Views;
			sourceTree = "<group>";
		};
		62B92B772A07FC3E0089B8AD /* Extensions */ = {
			isa = PBXGroup;
			children = (
				625C2F042A06AE7000DCEE60 /* UIView+AutoLayout.swift */,
				62B92B782A07FCCF0089B8AD /* UIColor+PokeColors.swift */,
				62B92B7A2A07FDC40089B8AD /* UIColor+HexColor.swift */,
				62F30A212A0D37F300C2015C /* UIFont+Poppins.swift */,
				62A49C832A10408C00CB8D83 /* UIView+Spacer.swift */,
				6230447A2A13CE9F005C0A60 /* String+Abreviation.swift */,
			);
			path = Extensions;
			sourceTree = "<group>";
		};
		62CD268E2A0596010004428F = {
			isa = PBXGroup;
			children = (
				62CD26992A0596010004428F /* PokeDex */,
				62CD26982A0596010004428F /* Products */,
			);
			sourceTree = "<group>";
		};
		62CD26982A0596010004428F /* Products */ = {
			isa = PBXGroup;
			children = (
				62CD26972A0596010004428F /* PokeDex.app */,
			);
			name = Products;
			sourceTree = "<group>";
		};
		62CD26992A0596010004428F /* PokeDex */ = {
			isa = PBXGroup;
			children = (
				62F309F92A0D348C00C2015C /* Font */,
				625C2EFF2A06A5F400DCEE60 /* Models */,
				625C2F012A06A62A00DCEE60 /* Views */,
				62F3A6742A22505E00F158DE /* DataModel */,
				625C2F002A06A61F00DCEE60 /* Controllers */,
				62CD269A2A0596010004428F /* AppDelegate.swift */,
				62CD269C2A0596010004428F /* SceneDelegate.swift */,
				62CD26A32A0596030004428F /* Assets.xcassets */,
				62CD26A52A0596030004428F /* LaunchScreen.storyboard */,
				62CD26A82A0596030004428F /* Info.plist */,
			);
			path = PokeDex;
			sourceTree = "<group>";
		};
		62F309F92A0D348C00C2015C /* Font */ = {
			isa = PBXGroup;
			children = (
				62F309FA2A0D34A100C2015C /* Poppins */,
			);
			path = Font;
			sourceTree = "<group>";
		};
		62F309FA2A0D34A100C2015C /* Poppins */ = {
			isa = PBXGroup;
			children = (
				62F30A062A0D34A100C2015C /* Poppins-Regular.ttf */,
				62F30A082A0D34A100C2015C /* Poppins-Bold.ttf */,
			);
			path = Poppins;
			sourceTree = "<group>";
		};
		62F3A6742A22505E00F158DE /* DataModel */ = {
			isa = PBXGroup;
			children = (
			);
			path = DataModel;
			sourceTree = "<group>";
		};
/* End PBXGroup section */

/* Begin PBXNativeTarget section */
		62CD26962A0596010004428F /* PokeDex */ = {
			isa = PBXNativeTarget;
			buildConfigurationList = 62CD26AB2A0596030004428F /* Build configuration list for PBXNativeTarget "PokeDex" */;
			buildPhases = (
				62CD26932A0596010004428F /* Sources */,
				62CD26942A0596010004428F /* Frameworks */,
				62CD26952A0596010004428F /* Resources */,
				62A49C822A1022A900CB8D83 /* ShellScript */,
			);
			buildRules = (
			);
			dependencies = (
			);
			name = PokeDex;
			packageProductDependencies = (
				622985942A0978B5006D701E /* AlamofireImage */,
				621A674A2A17C51500A2F7CB /* PokemonAPI */,
				62CA9FF02A27C00000F391BF /* RealmSwift */,
			);
			productName = PokeDex;
			productReference = 62CD26972A0596010004428F /* PokeDex.app */;
			productType = "com.apple.product-type.application";
		};
/* End PBXNativeTarget section */

/* Begin PBXProject section */
		62CD268F2A0596010004428F /* Project object */ = {
			isa = PBXProject;
			attributes = {
				BuildIndependentTargetsInParallel = 1;
				LastSwiftUpdateCheck = 1420;
				LastUpgradeCheck = 1420;
				TargetAttributes = {
					62CD26962A0596010004428F = {
						CreatedOnToolsVersion = 14.2;
					};
				};
			};
			buildConfigurationList = 62CD26922A0596010004428F /* Build configuration list for PBXProject "PokeDex" */;
			compatibilityVersion = "Xcode 14.0";
			developmentRegion = en;
			hasScannedForEncodings = 0;
			knownRegions = (
				en,
				Base,
			);
			mainGroup = 62CD268E2A0596010004428F;
			packageReferences = (
				622985932A0978B5006D701E /* XCRemoteSwiftPackageReference "AlamofireImage" */,
				621A67492A17C51500A2F7CB /* XCRemoteSwiftPackageReference "PokemonAPI" */,
				62CA9FEF2A27C00000F391BF /* XCRemoteSwiftPackageReference "realm-swift" */,
			);
			productRefGroup = 62CD26982A0596010004428F /* Products */;
			projectDirPath = "";
			projectRoot = "";
			targets = (
				62CD26962A0596010004428F /* PokeDex */,
			);
		};
/* End PBXProject section */

/* Begin PBXResourcesBuildPhase section */
		62CD26952A0596010004428F /* Resources */ = {
			isa = PBXResourcesBuildPhase;
			buildActionMask = 2147483647;
			files = (
				62F30A1B2A0D34A100C2015C /* Poppins-Bold.ttf in Resources */,
				62F30A192A0D34A100C2015C /* Poppins-Regular.ttf in Resources */,
				62CD26A72A0596030004428F /* LaunchScreen.storyboard in Resources */,
				62CD26A42A0596030004428F /* Assets.xcassets in Resources */,
			);
			runOnlyForDeploymentPostprocessing = 0;
		};
/* End PBXResourcesBuildPhase section */

/* Begin PBXShellScriptBuildPhase section */
		62A49C822A1022A900CB8D83 /* ShellScript */ = {
			isa = PBXShellScriptBuildPhase;
			buildActionMask = 2147483647;
			files = (
			);
			inputFileListPaths = (
			);
			inputPaths = (
			);
			outputFileListPaths = (
			);
			outputPaths = (
			);
			runOnlyForDeploymentPostprocessing = 0;
			shellPath = /bin/sh;
			shellScript = "if [[ \"$(uname -m)\" == arm64 ]]; then\n    export PATH=\"/opt/homebrew/bin:$PATH\"\nfi\n\nif which swiftlint > /dev/null; then\n  swiftlint\nelse\n  echo \"warning: SwiftLint not installed, download from https://github.com/realm/SwiftLint\"\nfi\n";
		};
/* End PBXShellScriptBuildPhase section */

/* Begin PBXSourcesBuildPhase section */
		62CD26932A0596010004428F /* Sources */ = {
			isa = PBXSourcesBuildPhase;
			buildActionMask = 2147483647;
			files = (
				6245896C2A0FE2A50079CF7E /* StatusView.swift in Sources */,
				62CD269F2A0596010004428F /* PokedexViewController.swift in Sources */,
				621557D42A0E925B00407D4B /* Load.swift in Sources */,
				623BE3402A1BA8E000C69229 /* FavoritsPokemons.swift in Sources */,
				621E4E0E2A2788010014417E /* Poke.swift in Sources */,
				628B6D452A0A82610081A5E4 /* InfoViewController.swift in Sources */,
				62A49C842A10408C00CB8D83 /* UIView+Spacer.swift in Sources */,
				62B92B7F2A082F110089B8AD /* PokeAPIModel.swift in Sources */,
				6231303B2A0ADE5A00419D1B /* PokedexView.swift in Sources */,
				62F30A222A0D37F300C2015C /* UIFont+Poppins.swift in Sources */,
				625C2F052A06AE7000DCEE60 /* UIView+AutoLayout.swift in Sources */,
				625C2F032A06A7A400DCEE60 /* ViewCode.swift in Sources */,
				62B92B7D2A0824580089B8AD /* PokeAPI.swift in Sources */,
				6230447B2A13CE9F005C0A60 /* String+Abreviation.swift in Sources */,
				62CD269B2A0596010004428F /* AppDelegate.swift in Sources */,
				625C2EFD2A06A20E00DCEE60 /* PokemonCollectionViewCell.swift in Sources */,
				62B92B7B2A07FDC40089B8AD /* UIColor+HexColor.swift in Sources */,
				6230447F2A13D4BE005C0A60 /* TypeLabel.swift in Sources */,
				6251B6432A0BE41B00F4EA07 /* PaddingLabel.swift in Sources */,
				62B92B792A07FCCF0089B8AD /* UIColor+PokeColors.swift in Sources */,
				62CD269D2A0596010004428F /* SceneDelegate.swift in Sources */,
			);
			runOnlyForDeploymentPostprocessing = 0;
		};
/* End PBXSourcesBuildPhase section */

/* Begin PBXVariantGroup section */
		62CD26A52A0596030004428F /* LaunchScreen.storyboard */ = {
			isa = PBXVariantGroup;
			children = (
				62CD26A62A0596030004428F /* Base */,
			);
			name = LaunchScreen.storyboard;
			sourceTree = "<group>";
		};
/* End PBXVariantGroup section */

/* Begin XCBuildConfiguration section */
		62CD26A92A0596030004428F /* Debug */ = {
			isa = XCBuildConfiguration;
			buildSettings = {
				ALWAYS_SEARCH_USER_PATHS = NO;
				CLANG_ANALYZER_NONNULL = YES;
				CLANG_ANALYZER_NUMBER_OBJECT_CONVERSION = YES_AGGRESSIVE;
				CLANG_CXX_LANGUAGE_STANDARD = "gnu++20";
				CLANG_ENABLE_MODULES = YES;
				CLANG_ENABLE_OBJC_ARC = YES;
				CLANG_ENABLE_OBJC_WEAK = YES;
				CLANG_WARN_BLOCK_CAPTURE_AUTORELEASING = YES;
				CLANG_WARN_BOOL_CONVERSION = YES;
				CLANG_WARN_COMMA = YES;
				CLANG_WARN_CONSTANT_CONVERSION = YES;
				CLANG_WARN_DEPRECATED_OBJC_IMPLEMENTATIONS = YES;
				CLANG_WARN_DIRECT_OBJC_ISA_USAGE = YES_ERROR;
				CLANG_WARN_DOCUMENTATION_COMMENTS = YES;
				CLANG_WARN_EMPTY_BODY = YES;
				CLANG_WARN_ENUM_CONVERSION = YES;
				CLANG_WARN_INFINITE_RECURSION = YES;
				CLANG_WARN_INT_CONVERSION = YES;
				CLANG_WARN_NON_LITERAL_NULL_CONVERSION = YES;
				CLANG_WARN_OBJC_IMPLICIT_RETAIN_SELF = YES;
				CLANG_WARN_OBJC_LITERAL_CONVERSION = YES;
				CLANG_WARN_OBJC_ROOT_CLASS = YES_ERROR;
				CLANG_WARN_QUOTED_INCLUDE_IN_FRAMEWORK_HEADER = YES;
				CLANG_WARN_RANGE_LOOP_ANALYSIS = YES;
				CLANG_WARN_STRICT_PROTOTYPES = YES;
				CLANG_WARN_SUSPICIOUS_MOVE = YES;
				CLANG_WARN_UNGUARDED_AVAILABILITY = YES_AGGRESSIVE;
				CLANG_WARN_UNREACHABLE_CODE = YES;
				CLANG_WARN__DUPLICATE_METHOD_MATCH = YES;
				COPY_PHASE_STRIP = NO;
				DEBUG_INFORMATION_FORMAT = dwarf;
				ENABLE_STRICT_OBJC_MSGSEND = YES;
				ENABLE_TESTABILITY = YES;
				GCC_C_LANGUAGE_STANDARD = gnu11;
				GCC_DYNAMIC_NO_PIC = NO;
				GCC_NO_COMMON_BLOCKS = YES;
				GCC_OPTIMIZATION_LEVEL = 0;
				GCC_PREPROCESSOR_DEFINITIONS = (
					"DEBUG=1",
					"$(inherited)",
				);
				GCC_WARN_64_TO_32_BIT_CONVERSION = YES;
				GCC_WARN_ABOUT_RETURN_TYPE = YES_ERROR;
				GCC_WARN_UNDECLARED_SELECTOR = YES;
				GCC_WARN_UNINITIALIZED_AUTOS = YES_AGGRESSIVE;
				GCC_WARN_UNUSED_FUNCTION = YES;
				GCC_WARN_UNUSED_VARIABLE = YES;
				IPHONEOS_DEPLOYMENT_TARGET = 16.2;
				MTL_ENABLE_DEBUG_INFO = INCLUDE_SOURCE;
				MTL_FAST_MATH = YES;
				ONLY_ACTIVE_ARCH = YES;
				SDKROOT = iphoneos;
				SWIFT_ACTIVE_COMPILATION_CONDITIONS = DEBUG;
				SWIFT_OPTIMIZATION_LEVEL = "-Onone";
			};
			name = Debug;
		};
		62CD26AA2A0596030004428F /* Release */ = {
			isa = XCBuildConfiguration;
			buildSettings = {
				ALWAYS_SEARCH_USER_PATHS = NO;
				CLANG_ANALYZER_NONNULL = YES;
				CLANG_ANALYZER_NUMBER_OBJECT_CONVERSION = YES_AGGRESSIVE;
				CLANG_CXX_LANGUAGE_STANDARD = "gnu++20";
				CLANG_ENABLE_MODULES = YES;
				CLANG_ENABLE_OBJC_ARC = YES;
				CLANG_ENABLE_OBJC_WEAK = YES;
				CLANG_WARN_BLOCK_CAPTURE_AUTORELEASING = YES;
				CLANG_WARN_BOOL_CONVERSION = YES;
				CLANG_WARN_COMMA = YES;
				CLANG_WARN_CONSTANT_CONVERSION = YES;
				CLANG_WARN_DEPRECATED_OBJC_IMPLEMENTATIONS = YES;
				CLANG_WARN_DIRECT_OBJC_ISA_USAGE = YES_ERROR;
				CLANG_WARN_DOCUMENTATION_COMMENTS = YES;
				CLANG_WARN_EMPTY_BODY = YES;
				CLANG_WARN_ENUM_CONVERSION = YES;
				CLANG_WARN_INFINITE_RECURSION = YES;
				CLANG_WARN_INT_CONVERSION = YES;
				CLANG_WARN_NON_LITERAL_NULL_CONVERSION = YES;
				CLANG_WARN_OBJC_IMPLICIT_RETAIN_SELF = YES;
				CLANG_WARN_OBJC_LITERAL_CONVERSION = YES;
				CLANG_WARN_OBJC_ROOT_CLASS = YES_ERROR;
				CLANG_WARN_QUOTED_INCLUDE_IN_FRAMEWORK_HEADER = YES;
				CLANG_WARN_RANGE_LOOP_ANALYSIS = YES;
				CLANG_WARN_STRICT_PROTOTYPES = YES;
				CLANG_WARN_SUSPICIOUS_MOVE = YES;
				CLANG_WARN_UNGUARDED_AVAILABILITY = YES_AGGRESSIVE;
				CLANG_WARN_UNREACHABLE_CODE = YES;
				CLANG_WARN__DUPLICATE_METHOD_MATCH = YES;
				COPY_PHASE_STRIP = NO;
				DEBUG_INFORMATION_FORMAT = "dwarf-with-dsym";
				ENABLE_NS_ASSERTIONS = NO;
				ENABLE_STRICT_OBJC_MSGSEND = YES;
				GCC_C_LANGUAGE_STANDARD = gnu11;
				GCC_NO_COMMON_BLOCKS = YES;
				GCC_WARN_64_TO_32_BIT_CONVERSION = YES;
				GCC_WARN_ABOUT_RETURN_TYPE = YES_ERROR;
				GCC_WARN_UNDECLARED_SELECTOR = YES;
				GCC_WARN_UNINITIALIZED_AUTOS = YES_AGGRESSIVE;
				GCC_WARN_UNUSED_FUNCTION = YES;
				GCC_WARN_UNUSED_VARIABLE = YES;
				IPHONEOS_DEPLOYMENT_TARGET = 16.2;
				MTL_ENABLE_DEBUG_INFO = NO;
				MTL_FAST_MATH = YES;
				SDKROOT = iphoneos;
				SWIFT_COMPILATION_MODE = wholemodule;
				SWIFT_OPTIMIZATION_LEVEL = "-O";
				VALIDATE_PRODUCT = YES;
			};
			name = Release;
		};
		62CD26AC2A0596030004428F /* Debug */ = {
			isa = XCBuildConfiguration;
			buildSettings = {
				ASSETCATALOG_COMPILER_APPICON_NAME = AppIcon;
				ASSETCATALOG_COMPILER_GLOBAL_ACCENT_COLOR_NAME = AccentColor;
				CODE_SIGN_STYLE = Automatic;
				CURRENT_PROJECT_VERSION = 1;
				GENERATE_INFOPLIST_FILE = YES;
				INFOPLIST_FILE = PokeDex/Info.plist;
				INFOPLIST_KEY_UIApplicationSupportsIndirectInputEvents = YES;
				INFOPLIST_KEY_UILaunchStoryboardName = LaunchScreen;
				INFOPLIST_KEY_UISupportedInterfaceOrientations_iPad = "UIInterfaceOrientationPortrait UIInterfaceOrientationPortraitUpsideDown UIInterfaceOrientationLandscapeLeft UIInterfaceOrientationLandscapeRight";
				INFOPLIST_KEY_UISupportedInterfaceOrientations_iPhone = "UIInterfaceOrientationPortrait UIInterfaceOrientationLandscapeLeft UIInterfaceOrientationLandscapeRight";
				LD_RUNPATH_SEARCH_PATHS = (
					"$(inherited)",
					"@executable_path/Frameworks",
				);
				MARKETING_VERSION = 1.0;
				PRODUCT_BUNDLE_IDENTIFIER = com.caue.PokeDex;
				PRODUCT_NAME = "$(TARGET_NAME)";
				SWIFT_EMIT_LOC_STRINGS = YES;
				SWIFT_VERSION = 5.0;
				TARGETED_DEVICE_FAMILY = "1,2";
			};
			name = Debug;
		};
		62CD26AD2A0596030004428F /* Release */ = {
			isa = XCBuildConfiguration;
			buildSettings = {
				ASSETCATALOG_COMPILER_APPICON_NAME = AppIcon;
				ASSETCATALOG_COMPILER_GLOBAL_ACCENT_COLOR_NAME = AccentColor;
				CODE_SIGN_STYLE = Automatic;
				CURRENT_PROJECT_VERSION = 1;
				GENERATE_INFOPLIST_FILE = YES;
				INFOPLIST_FILE = PokeDex/Info.plist;
				INFOPLIST_KEY_UIApplicationSupportsIndirectInputEvents = YES;
				INFOPLIST_KEY_UILaunchStoryboardName = LaunchScreen;
				INFOPLIST_KEY_UISupportedInterfaceOrientations_iPad = "UIInterfaceOrientationPortrait UIInterfaceOrientationPortraitUpsideDown UIInterfaceOrientationLandscapeLeft UIInterfaceOrientationLandscapeRight";
				INFOPLIST_KEY_UISupportedInterfaceOrientations_iPhone = "UIInterfaceOrientationPortrait UIInterfaceOrientationLandscapeLeft UIInterfaceOrientationLandscapeRight";
				LD_RUNPATH_SEARCH_PATHS = (
					"$(inherited)",
					"@executable_path/Frameworks",
				);
				MARKETING_VERSION = 1.0;
				PRODUCT_BUNDLE_IDENTIFIER = com.caue.PokeDex;
				PRODUCT_NAME = "$(TARGET_NAME)";
				SWIFT_EMIT_LOC_STRINGS = YES;
				SWIFT_VERSION = 5.0;
				TARGETED_DEVICE_FAMILY = "1,2";
			};
			name = Release;
		};
/* End XCBuildConfiguration section */

/* Begin XCConfigurationList section */
		62CD26922A0596010004428F /* Build configuration list for PBXProject "PokeDex" */ = {
			isa = XCConfigurationList;
			buildConfigurations = (
				62CD26A92A0596030004428F /* Debug */,
				62CD26AA2A0596030004428F /* Release */,
			);
			defaultConfigurationIsVisible = 0;
			defaultConfigurationName = Release;
		};
		62CD26AB2A0596030004428F /* Build configuration list for PBXNativeTarget "PokeDex" */ = {
			isa = XCConfigurationList;
			buildConfigurations = (
				62CD26AC2A0596030004428F /* Debug */,
				62CD26AD2A0596030004428F /* Release */,
			);
			defaultConfigurationIsVisible = 0;
			defaultConfigurationName = Release;
		};
/* End XCConfigurationList section */

/* Begin XCRemoteSwiftPackageReference section */
		621A67492A17C51500A2F7CB /* XCRemoteSwiftPackageReference "PokemonAPI" */ = {
			isa = XCRemoteSwiftPackageReference;
			repositoryURL = "https://github.com/kinkofer/PokemonAPI";
			requirement = {
				kind = upToNextMajorVersion;
				minimumVersion = 6.0.0;
			};
		};
		622985932A0978B5006D701E /* XCRemoteSwiftPackageReference "AlamofireImage" */ = {
			isa = XCRemoteSwiftPackageReference;
			repositoryURL = "https://github.com/Alamofire/AlamofireImage.git";
			requirement = {
				kind = upToNextMajorVersion;
				minimumVersion = 4.0.0;
			};
		};
		62CA9FEF2A27C00000F391BF /* XCRemoteSwiftPackageReference "realm-swift" */ = {
			isa = XCRemoteSwiftPackageReference;
			repositoryURL = "https://github.com/realm/realm-swift.git";
			requirement = {
				branch = master;
				kind = branch;
			};
		};
/* End XCRemoteSwiftPackageReference section */

/* Begin XCSwiftPackageProductDependency section */
		621A674A2A17C51500A2F7CB /* PokemonAPI */ = {
			isa = XCSwiftPackageProductDependency;
			package = 621A67492A17C51500A2F7CB /* XCRemoteSwiftPackageReference "PokemonAPI" */;
			productName = PokemonAPI;
		};
		622985942A0978B5006D701E /* AlamofireImage */ = {
			isa = XCSwiftPackageProductDependency;
			package = 622985932A0978B5006D701E /* XCRemoteSwiftPackageReference "AlamofireImage" */;
			productName = AlamofireImage;
		};
		62CA9FF02A27C00000F391BF /* RealmSwift */ = {
			isa = XCSwiftPackageProductDependency;
			package = 62CA9FEF2A27C00000F391BF /* XCRemoteSwiftPackageReference "realm-swift" */;
			productName = RealmSwift;
		};
/* End XCSwiftPackageProductDependency section */
	};
	rootObject = 62CD268F2A0596010004428F /* Project object */;
}
